
Microsoft Visual Studio Solution File, Format Version 12.00
# Visual Studio 15
VisualStudioVersion = 15.0.28010.2036
MinimumVisualStudioVersion = 10.0.40219.1
Project("{FAE04EC0-301F-11D3-BF4B-00C04F79EFBC}") = "Otello", "Otello\Otello.csproj", "{C0E05155-F7EB-466C-B27C-D8DD2246E75E}"
EndProject
Global
	GlobalSection(SolutionConfigurationPlatforms) = preSolution
		Debug|Any CPU = Debug|Any CPU
		Release|Any CPU = Release|Any CPU
	EndGlobalSection
	GlobalSection(ProjectConfigurationPlatforms) = postSolution
		{C0E05155-F7EB-466C-B27C-D8DD2246E75E}.Debug|Any CPU.ActiveCfg = Debug|Any CPU
		{C0E05155-F7EB-466C-B27C-D8DD2246E75E}.Debug|Any CPU.Build.0 = Debug|Any CPU
		{C0E05155-F7EB-466C-B27C-D8DD2246E75E}.Release|Any CPU.ActiveCfg = Release|Any CPU
		{C0E05155-F7EB-466C-B27C-D8DD2246E75E}.Release|Any CPU.Build.0 = Release|Any CPU
	EndGlobalSection
	GlobalSection(SolutionProperties) = preSolution
		HideSolutionNode = FALSE
	EndGlobalSection
	GlobalSection(ExtensibilityGlobals) = postSolution
		SolutionGuid = {2585A890-2196-40DD-8A38-61D04E3713B2}
	EndGlobalSection
EndGlobal
